
Microsoft Visual Studio Solution File, Format Version 12.00
Project("{FAE04EC0-301F-11D3-BF4B-00C04F79EFBC}") = "Karttest", "Karttest\Karttest.csproj", "{367972AC-A9A1-4B1E-80DE-679D548A7160}"
EndProject
Global
	GlobalSection(SolutionConfigurationPlatforms) = preSolution
		Debug|Any CPU = Debug|Any CPU
		Release|Any CPU = Release|Any CPU
	EndGlobalSection
	GlobalSection(ProjectConfigurationPlatforms) = postSolution
		{367972AC-A9A1-4B1E-80DE-679D548A7160}.Debug|Any CPU.ActiveCfg = Debug|Any CPU
		{367972AC-A9A1-4B1E-80DE-679D548A7160}.Debug|Any CPU.Build.0 = Debug|Any CPU
		{367972AC-A9A1-4B1E-80DE-679D548A7160}.Release|Any CPU.ActiveCfg = Release|Any CPU
		{367972AC-A9A1-4B1E-80DE-679D548A7160}.Release|Any CPU.Build.0 = Release|Any CPU
	EndGlobalSection
EndGlobal
